
Microsoft Visual Studio Solution File, Format Version 12.00
# Visual Studio Version 16
VisualStudioVersion = 16.0.29102.190
MinimumVisualStudioVersion = 10.0.40219.1
Project("{9A19103F-16F7-4668-BE54-9A1E7A4F7556}") = "dotnetcore-rest-api", "dotnetcore-rest-api.csproj", "{1040F4CE-5F46-4530-98CF-8702DF002032}"
EndProject
Project("{FAE04EC0-301F-11D3-BF4B-00C04F79EFBC}") = "dotnetcore-rest-api.common", "..\dotnetcore-rest-api.common\dotnetcore-rest-api.common.csproj", "{44ED45D4-6968-49F5-B2A7-8406FCFCF465}"
EndProject
Global
	GlobalSection(SolutionConfigurationPlatforms) = preSolution
		Debug|Any CPU = Debug|Any CPU
		Release|Any CPU = Release|Any CPU
	EndGlobalSection
	GlobalSection(ProjectConfigurationPlatforms) = postSolution
		{1040F4CE-5F46-4530-98CF-8702DF002032}.Debug|Any CPU.ActiveCfg = Debug|Any CPU
		{1040F4CE-5F46-4530-98CF-8702DF002032}.Debug|Any CPU.Build.0 = Debug|Any CPU
		{1040F4CE-5F46-4530-98CF-8702DF002032}.Release|Any CPU.ActiveCfg = Release|Any CPU
		{1040F4CE-5F46-4530-98CF-8702DF002032}.Release|Any CPU.Build.0 = Release|Any CPU
		{44ED45D4-6968-49F5-B2A7-8406FCFCF465}.Debug|Any CPU.ActiveCfg = Debug|Any CPU
		{44ED45D4-6968-49F5-B2A7-8406FCFCF465}.Debug|Any CPU.Build.0 = Debug|Any CPU
		{44ED45D4-6968-49F5-B2A7-8406FCFCF465}.Release|Any CPU.ActiveCfg = Release|Any CPU
		{44ED45D4-6968-49F5-B2A7-8406FCFCF465}.Release|Any CPU.Build.0 = Release|Any CPU
	EndGlobalSection
	GlobalSection(SolutionProperties) = preSolution
		HideSolutionNode = FALSE
	EndGlobalSection
	GlobalSection(ExtensibilityGlobals) = postSolution
		SolutionGuid = {E8031BAF-CF4A-4EFD-8D16-3A9D136247BD}
	EndGlobalSection
EndGlobal
